// !$*UTF8*$!
{
	archiveVersion = 1;
	classes = {
	};
	objectVersion = 50;
	objects = {

/* Begin PBXBuildFile section */
		413E73D025D2F2880017F09F /* TechDetailView.swift in Sources */ = {isa = PBXBuildFile; fileRef = 413E73CF25D2F2880017F09F /* TechDetailView.swift */; };
		4160605F26DBE016009B68F8 /* AppDelegate.swift in Sources */ = {isa = PBXBuildFile; fileRef = 4160605E26DBE016009B68F8 /* AppDelegate.swift */; };
		4160606126DBE016009B68F8 /* SceneDelegate.swift in Sources */ = {isa = PBXBuildFile; fileRef = 4160606026DBE016009B68F8 /* SceneDelegate.swift */; };
		4160606626DBE016009B68F8 /* MyTech.xcdatamodeld in Sources */ = {isa = PBXBuildFile; fileRef = 4160606426DBE016009B68F8 /* MyTech.xcdatamodeld */; };
		4160606826DBE016009B68F8 /* Assets.xcassets in Resources */ = {isa = PBXBuildFile; fileRef = 4160606726DBE016009B68F8 /* Assets.xcassets */; };
		4160606B26DBE016009B68F8 /* Preview Assets.xcassets in Resources */ = {isa = PBXBuildFile; fileRef = 4160606A26DBE016009B68F8 /* Preview Assets.xcassets */; };
		4160606E26DBE016009B68F8 /* LaunchScreen.storyboard in Resources */ = {isa = PBXBuildFile; fileRef = 4160606C26DBE016009B68F8 /* LaunchScreen.storyboard */; };
		4160608126DBE016009B68F8 /* AddListView.swift in Sources */ = {isa = PBXBuildFile; fileRef = 4160607F26DBE016009B68F8 /* AddListView.swift */; };
		4160608226DBE016009B68F8 /* ContentView.swift in Sources */ = {isa = PBXBuildFile; fileRef = 4160608026DBE016009B68F8 /* ContentView.swift */; };
		416A76C325D4617700D6447F /* DetailFormAdditionalInfoRow.swift in Sources */ = {isa = PBXBuildFile; fileRef = 416A76C225D4617700D6447F /* DetailFormAdditionalInfoRow.swift */; };
		41AFBCB325D38FB40008AF9F /* EmptyListView.swift in Sources */ = {isa = PBXBuildFile; fileRef = 41AFBCB225D38FB40008AF9F /* EmptyListView.swift */; };
		41AFBCBE25D4478D0008AF9F /* SettingsView.swift in Sources */ = {isa = PBXBuildFile; fileRef = 41AFBCBD25D4478D0008AF9F /* SettingsView.swift */; };
		41AFBCC725D452930008AF9F /* SettingsFormRowView.swift in Sources */ = {isa = PBXBuildFile; fileRef = 41AFBCC625D452930008AF9F /* SettingsFormRowView.swift */; };
		41AFBCCA25D452930008AF9F /* DetailFormRowView.swift in Sources */ = {isa = PBXBuildFile; fileRef = 41AFBCC925D452930008AF9F /* DetailFormRowView.swift */; };
/* End PBXBuildFile section */

/* Begin PBXFileReference section */
		413E73CF25D2F2880017F09F /* TechDetailView.swift */ = {isa = PBXFileReference; lastKnownFileType = sourcecode.swift; path = TechDetailView.swift; sourceTree = "<group>"; };
		4160605B26DBE016009B68F8 /* MyTech.app */ = {isa = PBXFileReference; explicitFileType = wrapper.application; includeInIndex = 0; path = MyTech.app; sourceTree = BUILT_PRODUCTS_DIR; };
		4160605E26DBE016009B68F8 /* AppDelegate.swift */ = {isa = PBXFileReference; lastKnownFileType = sourcecode.swift; path = AppDelegate.swift; sourceTree = "<group>"; };
		4160606026DBE016009B68F8 /* SceneDelegate.swift */ = {isa = PBXFileReference; lastKnownFileType = sourcecode.swift; path = SceneDelegate.swift; sourceTree = "<group>"; };
		4160606526DBE016009B68F8 /* MyTech.xcdatamodel */ = {isa = PBXFileReference; lastKnownFileType = wrapper.xcdatamodel; path = MyTech.xcdatamodel; sourceTree = "<group>"; };
		4160606726DBE016009B68F8 /* Assets.xcassets */ = {isa = PBXFileReference; lastKnownFileType = folder.assetcatalog; path = Assets.xcassets; sourceTree = "<group>"; };
		4160606A26DBE016009B68F8 /* Preview Assets.xcassets */ = {isa = PBXFileReference; lastKnownFileType = folder.assetcatalog; path = "Preview Assets.xcassets"; sourceTree = "<group>"; };
		4160606D26DBE016009B68F8 /* Base */ = {isa = PBXFileReference; lastKnownFileType = file.storyboard; name = Base; path = Base.lproj/LaunchScreen.storyboard; sourceTree = "<group>"; };
		4160606F26DBE016009B68F8 /* Info.plist */ = {isa = PBXFileReference; lastKnownFileType = text.plist.xml; path = Info.plist; sourceTree = "<group>"; };
		4160607F26DBE016009B68F8 /* AddListView.swift */ = {isa = PBXFileReference; fileEncoding = 4; lastKnownFileType = sourcecode.swift; path = AddListView.swift; sourceTree = "<group>"; };
		4160608026DBE016009B68F8 /* ContentView.swift */ = {isa = PBXFileReference; fileEncoding = 4; lastKnownFileType = sourcecode.swift; path = ContentView.swift; sourceTree = "<group>"; };
		416A76C225D4617700D6447F /* DetailFormAdditionalInfoRow.swift */ = {isa = PBXFileReference; lastKnownFileType = sourcecode.swift; path = DetailFormAdditionalInfoRow.swift; sourceTree = "<group>"; };
		41AFBCB225D38FB40008AF9F /* EmptyListView.swift */ = {isa = PBXFileReference; lastKnownFileType = sourcecode.swift; path = EmptyListView.swift; sourceTree = "<group>"; };
		41AFBCBD25D4478D0008AF9F /* SettingsView.swift */ = {isa = PBXFileReference; lastKnownFileType = sourcecode.swift; path = SettingsView.swift; sourceTree = "<group>"; };
		41AFBCC625D452930008AF9F /* SettingsFormRowView.swift */ = {isa = PBXFileReference; lastKnownFileType = sourcecode.swift; path = SettingsFormRowView.swift; sourceTree = "<group>"; };
		41AFBCC925D452930008AF9F /* DetailFormRowView.swift */ = {isa = PBXFileReference; lastKnownFileType = sourcecode.swift; path = DetailFormRowView.swift; sourceTree = "<group>"; };
/* End PBXFileReference section */

/* Begin PBXFrameworksBuildPhase section */
		4160605826DBE016009B68F8 /* Frameworks */ = {
			isa = PBXFrameworksBuildPhase;
			buildActionMask = 2147483647;
			files = (
			);
			runOnlyForDeploymentPostprocessing = 0;
		};
/* End PBXFrameworksBuildPhase section */

/* Begin PBXGroup section */
		4160605226DBE016009B68F8 = {
			isa = PBXGroup;
			children = (
				4160605D26DBE016009B68F8 /* MyTech */,
				4160605C26DBE016009B68F8 /* Products */,
			);
			sourceTree = "<group>";
		};
		4160605C26DBE016009B68F8 /* Products */ = {
			isa = PBXGroup;
			children = (
				4160605B26DBE016009B68F8 /* MyTech.app */,
			);
			name = Products;
			sourceTree = "<group>";
		};
		4160605D26DBE016009B68F8 /* MyTech */ = {
			isa = PBXGroup;
			children = (
				4160605E26DBE016009B68F8 /* AppDelegate.swift */,
				4160606026DBE016009B68F8 /* SceneDelegate.swift */,
				4160607E26DBE016009B68F8 /* View */,
				4160606726DBE016009B68F8 /* Assets.xcassets */,
				4160606C26DBE016009B68F8 /* LaunchScreen.storyboard */,
				4160606F26DBE016009B68F8 /* Info.plist */,
				4160606426DBE016009B68F8 /* MyTech.xcdatamodeld */,
				4160606926DBE016009B68F8 /* Preview Content */,
			);
			path = MyTech;
			sourceTree = "<group>";
		};
		4160606926DBE016009B68F8 /* Preview Content */ = {
			isa = PBXGroup;
			children = (
				4160606A26DBE016009B68F8 /* Preview Assets.xcassets */,
			);
			path = "Preview Content";
			sourceTree = "<group>";
		};
		4160607E26DBE016009B68F8 /* View */ = {
			isa = PBXGroup;
			children = (
				4160608026DBE016009B68F8 /* ContentView.swift */,
				4160607F26DBE016009B68F8 /* AddListView.swift */,
				41AFBCB225D38FB40008AF9F /* EmptyListView.swift */,
				413E73CF25D2F2880017F09F /* TechDetailView.swift */,
				41AFBCC925D452930008AF9F /* DetailFormRowView.swift */,
				416A76C225D4617700D6447F /* DetailFormAdditionalInfoRow.swift */,
				41AFBCBD25D4478D0008AF9F /* SettingsView.swift */,
				41AFBCC625D452930008AF9F /* SettingsFormRowView.swift */,
			);
			path = View;
			sourceTree = "<group>";
		};
/* End PBXGroup section */

/* Begin PBXNativeTarget section */
		4160605A26DBE016009B68F8 /* MyTech */ = {
			isa = PBXNativeTarget;
			buildConfigurationList = 4160607226DBE016009B68F8 /* Build configuration list for PBXNativeTarget "MyTech" */;
			buildPhases = (
				4160605726DBE016009B68F8 /* Sources */,
				4160605826DBE016009B68F8 /* Frameworks */,
				4160605926DBE016009B68F8 /* Resources */,
			);
			buildRules = (
			);
			dependencies = (
			);
			name = MyTech;
			productName = MyTech;
			productReference = 4160605B26DBE016009B68F8 /* MyTech.app */;
			productType = "com.apple.product-type.application";
		};
/* End PBXNativeTarget section */

/* Begin PBXProject section */
		4160605326DBE016009B68F8 /* Project object */ = {
			isa = PBXProject;
			attributes = {
				LastSwiftUpdateCheck = 1230;
				LastUpgradeCheck = 1230;
				TargetAttributes = {
					4160605A26DBE016009B68F8 = {
						CreatedOnToolsVersion = 12.3;
					};
				};
			};
			buildConfigurationList = 4160605626DBE016009B68F8 /* Build configuration list for PBXProject "MyTech" */;
			compatibilityVersion = "Xcode 9.3";
			developmentRegion = en;
			hasScannedForEncodings = 0;
			knownRegions = (
				en,
				Base,
			);
			mainGroup = 4160605226DBE016009B68F8;
			productRefGroup = 4160605C26DBE016009B68F8 /* Products */;
			projectDirPath = "";
			projectRoot = "";
			targets = (
				4160605A26DBE016009B68F8 /* MyTech */,
			);
		};
/* End PBXProject section */

/* Begin PBXResourcesBuildPhase section */
		4160605926DBE016009B68F8 /* Resources */ = {
			isa = PBXResourcesBuildPhase;
			buildActionMask = 2147483647;
			files = (
				4160606E26DBE016009B68F8 /* LaunchScreen.storyboard in Resources */,
				4160606B26DBE016009B68F8 /* Preview Assets.xcassets in Resources */,
				4160606826DBE016009B68F8 /* Assets.xcassets in Resources */,
			);
			runOnlyForDeploymentPostprocessing = 0;
		};
/* End PBXResourcesBuildPhase section */

/* Begin PBXSourcesBuildPhase section */
		4160605726DBE016009B68F8 /* Sources */ = {
			isa = PBXSourcesBuildPhase;
			buildActionMask = 2147483647;
			files = (
				41AFBCCA25D452930008AF9F /* DetailFormRowView.swift in Sources */,
				4160605F26DBE016009B68F8 /* AppDelegate.swift in Sources */,
				4160606626DBE016009B68F8 /* MyTech.xcdatamodeld in Sources */,
				416A76C325D4617700D6447F /* DetailFormAdditionalInfoRow.swift in Sources */,
				4160608226DBE016009B68F8 /* ContentView.swift in Sources */,
				41AFBCBE25D4478D0008AF9F /* SettingsView.swift in Sources */,
				413E73D025D2F2880017F09F /* TechDetailView.swift in Sources */,
				4160606126DBE016009B68F8 /* SceneDelegate.swift in Sources */,
				4160608126DBE016009B68F8 /* AddListView.swift in Sources */,
				41AFBCC725D452930008AF9F /* SettingsFormRowView.swift in Sources */,
				41AFBCB325D38FB40008AF9F /* EmptyListView.swift in Sources */,
			);
			runOnlyForDeploymentPostprocessing = 0;
		};
/* End PBXSourcesBuildPhase section */

/* Begin PBXVariantGroup section */
		4160606C26DBE016009B68F8 /* LaunchScreen.storyboard */ = {
			isa = PBXVariantGroup;
			children = (
				4160606D26DBE016009B68F8 /* Base */,
			);
			name = LaunchScreen.storyboard;
			sourceTree = "<group>";
		};
/* End PBXVariantGroup section */

/* Begin XCBuildConfiguration section */
		4160607026DBE016009B68F8 /* Debug */ = {
			isa = XCBuildConfiguration;
			buildSettings = {
				ALWAYS_SEARCH_USER_PATHS = NO;
				CLANG_ANALYZER_NONNULL = YES;
				CLANG_ANALYZER_NUMBER_OBJECT_CONVERSION = YES_AGGRESSIVE;
				CLANG_CXX_LANGUAGE_STANDARD = "gnu++14";
				CLANG_CXX_LIBRARY = "libc++";
				CLANG_ENABLE_MODULES = YES;
				CLANG_ENABLE_OBJC_ARC = YES;
				CLANG_ENABLE_OBJC_WEAK = YES;
				CLANG_WARN_BLOCK_CAPTURE_AUTORELEASING = YES;
				CLANG_WARN_BOOL_CONVERSION = YES;
				CLANG_WARN_COMMA = YES;
				CLANG_WARN_CONSTANT_CONVERSION = YES;
				CLANG_WARN_DEPRECATED_OBJC_IMPLEMENTATIONS = YES;
				CLANG_WARN_DIRECT_OBJC_ISA_USAGE = YES_ERROR;
				CLANG_WARN_DOCUMENTATION_COMMENTS = YES;
				CLANG_WARN_EMPTY_BODY = YES;
				CLANG_WARN_ENUM_CONVERSION = YES;
				CLANG_WARN_INFINITE_RECURSION = YES;
				CLANG_WARN_INT_CONVERSION = YES;
				CLANG_WARN_NON_LITERAL_NULL_CONVERSION = YES;
				CLANG_WARN_OBJC_IMPLICIT_RETAIN_SELF = YES;
				CLANG_WARN_OBJC_LITERAL_CONVERSION = YES;
				CLANG_WARN_OBJC_ROOT_CLASS = YES_ERROR;
				CLANG_WARN_QUOTED_INCLUDE_IN_FRAMEWORK_HEADER = YES;
				CLANG_WARN_RANGE_LOOP_ANALYSIS = YES;
				CLANG_WARN_STRICT_PROTOTYPES = YES;
				CLANG_WARN_SUSPICIOUS_MOVE = YES;
				CLANG_WARN_UNGUARDED_AVAILABILITY = YES_AGGRESSIVE;
				CLANG_WARN_UNREACHABLE_CODE = YES;
				CLANG_WARN__DUPLICATE_METHOD_MATCH = YES;
				COPY_PHASE_STRIP = NO;
				DEBUG_INFORMATION_FORMAT = dwarf;
				ENABLE_STRICT_OBJC_MSGSEND = YES;
				ENABLE_TESTABILITY = YES;
				GCC_C_LANGUAGE_STANDARD = gnu11;
				GCC_DYNAMIC_NO_PIC = NO;
				GCC_NO_COMMON_BLOCKS = YES;
				GCC_OPTIMIZATION_LEVEL = 0;
				GCC_PREPROCESSOR_DEFINITIONS = (
					"DEBUG=1",
					"$(inherited)",
				);
				GCC_WARN_64_TO_32_BIT_CONVERSION = YES;
				GCC_WARN_ABOUT_RETURN_TYPE = YES_ERROR;
				GCC_WARN_UNDECLARED_SELECTOR = YES;
				GCC_WARN_UNINITIALIZED_AUTOS = YES_AGGRESSIVE;
				GCC_WARN_UNUSED_FUNCTION = YES;
				GCC_WARN_UNUSED_VARIABLE = YES;
				IPHONEOS_DEPLOYMENT_TARGET = 14.3;
				MTL_ENABLE_DEBUG_INFO = INCLUDE_SOURCE;
				MTL_FAST_MATH = YES;
				ONLY_ACTIVE_ARCH = YES;
				SDKROOT = iphoneos;
				SWIFT_ACTIVE_COMPILATION_CONDITIONS = DEBUG;
				SWIFT_OPTIMIZATION_LEVEL = "-Onone";
			};
			name = Debug;
		};
		4160607126DBE016009B68F8 /* Release */ = {
			isa = XCBuildConfiguration;
			buildSettings = {
				ALWAYS_SEARCH_USER_PATHS = NO;
				CLANG_ANALYZER_NONNULL = YES;
				CLANG_ANALYZER_NUMBER_OBJECT_CONVERSION = YES_AGGRESSIVE;
				CLANG_CXX_LANGUAGE_STANDARD = "gnu++14";
				CLANG_CXX_LIBRARY = "libc++";
				CLANG_ENABLE_MODULES = YES;
				CLANG_ENABLE_OBJC_ARC = YES;
				CLANG_ENABLE_OBJC_WEAK = YES;
				CLANG_WARN_BLOCK_CAPTURE_AUTORELEASING = YES;
				CLANG_WARN_BOOL_CONVERSION = YES;
				CLANG_WARN_COMMA = YES;
				CLANG_WARN_CONSTANT_CONVERSION = YES;
				CLANG_WARN_DEPRECATED_OBJC_IMPLEMENTATIONS = YES;
				CLANG_WARN_DIRECT_OBJC_ISA_USAGE = YES_ERROR;
				CLANG_WARN_DOCUMENTATION_COMMENTS = YES;
				CLANG_WARN_EMPTY_BODY = YES;
				CLANG_WARN_ENUM_CONVERSION = YES;
				CLANG_WARN_INFINITE_RECURSION = YES;
				CLANG_WARN_INT_CONVERSION = YES;
				CLANG_WARN_NON_LITERAL_NULL_CONVERSION = YES;
				CLANG_WARN_OBJC_IMPLICIT_RETAIN_SELF = YES;
				CLANG_WARN_OBJC_LITERAL_CONVERSION = YES;
				CLANG_WARN_OBJC_ROOT_CLASS = YES_ERROR;
				CLANG_WARN_QUOTED_INCLUDE_IN_FRAMEWORK_HEADER = YES;
				CLANG_WARN_RANGE_LOOP_ANALYSIS = YES;
				CLANG_WARN_STRICT_PROTOTYPES = YES;
				CLANG_WARN_SUSPICIOUS_MOVE = YES;
				CLANG_WARN_UNGUARDED_AVAILABILITY = YES_AGGRESSIVE;
				CLANG_WARN_UNREACHABLE_CODE = YES;
				CLANG_WARN__DUPLICATE_METHOD_MATCH = YES;
				COPY_PHASE_STRIP = NO;
				DEBUG_INFORMATION_FORMAT = "dwarf-with-dsym";
				ENABLE_NS_ASSERTIONS = NO;
				ENABLE_STRICT_OBJC_MSGSEND = YES;
				GCC_C_LANGUAGE_STANDARD = gnu11;
				GCC_NO_COMMON_BLOCKS = YES;
				GCC_WARN_64_TO_32_BIT_CONVERSION = YES;
				GCC_WARN_ABOUT_RETURN_TYPE = YES_ERROR;
				GCC_WARN_UNDECLARED_SELECTOR = YES;
				GCC_WARN_UNINITIALIZED_AUTOS = YES_AGGRESSIVE;
				GCC_WARN_UNUSED_FUNCTION = YES;
				GCC_WARN_UNUSED_VARIABLE = YES;
				IPHONEOS_DEPLOYMENT_TARGET = 14.3;
				MTL_ENABLE_DEBUG_INFO = NO;
				MTL_FAST_MATH = YES;
				SDKROOT = iphoneos;
				SWIFT_COMPILATION_MODE = wholemodule;
				SWIFT_OPTIMIZATION_LEVEL = "-O";
				VALIDATE_PRODUCT = YES;
			};
			name = Release;
		};
		4160607326DBE016009B68F8 /* Debug */ = {
			isa = XCBuildConfiguration;
			buildSettings = {
				ASSETCATALOG_COMPILER_APPICON_NAME = AppIcon;
				ASSETCATALOG_COMPILER_GLOBAL_ACCENT_COLOR_NAME = AccentColor;
				CODE_SIGN_STYLE = Automatic;
				DEVELOPMENT_ASSET_PATHS = "\"MyTech/Preview Content\"";
				DEVELOPMENT_TEAM = DYCJ8VNG33;
				ENABLE_PREVIEWS = YES;
				INFOPLIST_FILE = MyTech/Info.plist;
				IPHONEOS_DEPLOYMENT_TARGET = 14.0;
				LD_RUNPATH_SEARCH_PATHS = (
					"$(inherited)",
					"@executable_path/Frameworks",
				);
				PRODUCT_BUNDLE_IDENTIFIER = com.svaar.MyTech;
				PRODUCT_NAME = "$(TARGET_NAME)";
				SWIFT_VERSION = 5.0;
				TARGETED_DEVICE_FAMILY = "1,2";
			};
			name = Debug;
		};
		4160607426DBE016009B68F8 /* Release */ = {
			isa = XCBuildConfiguration;
			buildSettings = {
				ASSETCATALOG_COMPILER_APPICON_NAME = AppIcon;
				ASSETCATALOG_COMPILER_GLOBAL_ACCENT_COLOR_NAME = AccentColor;
				CODE_SIGN_STYLE = Automatic;
				DEVELOPMENT_ASSET_PATHS = "\"MyTech/Preview Content\"";
				DEVELOPMENT_TEAM = DYCJ8VNG33;
				ENABLE_PREVIEWS = YES;
				INFOPLIST_FILE = MyTech/Info.plist;
				IPHONEOS_DEPLOYMENT_TARGET = 14.0;
				LD_RUNPATH_SEARCH_PATHS = (
					"$(inherited)",
					"@executable_path/Frameworks",
				);
				PRODUCT_BUNDLE_IDENTIFIER = com.svaar.MyTech;
				PRODUCT_NAME = "$(TARGET_NAME)";
				SWIFT_VERSION = 5.0;
				TARGETED_DEVICE_FAMILY = "1,2";
			};
			name = Release;
		};
/* End XCBuildConfiguration section */

/* Begin XCConfigurationList section */
		4160605626DBE016009B68F8 /* Build configuration list for PBXProject "MyTech" */ = {
			isa = XCConfigurationList;
			buildConfigurations = (
				4160607026DBE016009B68F8 /* Debug */,
				4160607126DBE016009B68F8 /* Release */,
			);
			defaultConfigurationIsVisible = 0;
			defaultConfigurationName = Release;
		};
		4160607226DBE016009B68F8 /* Build configuration list for PBXNativeTarget "MyTech" */ = {
			isa = XCConfigurationList;
			buildConfigurations = (
				4160607326DBE016009B68F8 /* Debug */,
				4160607426DBE016009B68F8 /* Release */,
			);
			defaultConfigurationIsVisible = 0;
			defaultConfigurationName = Release;
		};
/* End XCConfigurationList section */

/* Begin XCVersionGroup section */
		4160606426DBE016009B68F8 /* MyTech.xcdatamodeld */ = {
			isa = XCVersionGroup;
			children = (
				4160606526DBE016009B68F8 /* MyTech.xcdatamodel */,
			);
			currentVersion = 4160606526DBE016009B68F8 /* MyTech.xcdatamodel */;
			path = MyTech.xcdatamodeld;
			sourceTree = "<group>";
			versionGroupType = wrapper.xcdatamodel;
		};
/* End XCVersionGroup section */
	};
	rootObject = 4160605326DBE016009B68F8 /* Project object */;
}
